
Microsoft Visual Studio Solution File, Format Version 12.00
Project("{FAE04EC0-301F-11D3-BF4B-00C04F79EFBC}") = "RepoSwitch", "RepoSwitch\RepoSwitch.csproj", "{59255C7C-EE72-43A3-A58F-EA7A74EB7C2A}"
EndProject
Project("{FAE04EC0-301F-11D3-BF4B-00C04F79EFBC}") = "SlnTools", "SlnTools\SlnTools.csproj", "{92551E01-243B-4CC6-9E7F-D9427D87D5A8}"
EndProject
Global
	GlobalSection(SolutionConfigurationPlatforms) = preSolution
		Debug|Any CPU = Debug|Any CPU
		Release|Any CPU = Release|Any CPU
	EndGlobalSection
	GlobalSection(ProjectConfigurationPlatforms) = postSolution
		{59255C7C-EE72-43A3-A58F-EA7A74EB7C2A}.Debug|Any CPU.ActiveCfg = Debug|Any CPU
		{59255C7C-EE72-43A3-A58F-EA7A74EB7C2A}.Debug|Any CPU.Build.0 = Debug|Any CPU
		{59255C7C-EE72-43A3-A58F-EA7A74EB7C2A}.Release|Any CPU.ActiveCfg = Release|Any CPU
		{59255C7C-EE72-43A3-A58F-EA7A74EB7C2A}.Release|Any CPU.Build.0 = Release|Any CPU
		{92551E01-243B-4CC6-9E7F-D9427D87D5A8}.Debug|Any CPU.ActiveCfg = Debug|Any CPU
		{92551E01-243B-4CC6-9E7F-D9427D87D5A8}.Debug|Any CPU.Build.0 = Debug|Any CPU
		{92551E01-243B-4CC6-9E7F-D9427D87D5A8}.Release|Any CPU.ActiveCfg = Release|Any CPU
		{92551E01-243B-4CC6-9E7F-D9427D87D5A8}.Release|Any CPU.Build.0 = Release|Any CPU
	EndGlobalSection
EndGlobal
